Microsoft Visual Studio Solution File, Format Version 9.00
# Visual C++ Express 2005
Project("{39AB629E-AD76-F10C-ACD9-A33F87881375}") = "MidiSerial", "MidiSerial.vcproj", "{16BACFBE-71F0-1708-D037-24F25E3E1FBB}"
EndProject
Global
	GlobalSection(SolutionConfigurationPlatforms) = preSolution
		Debug|Win32 = Debug|Win32
		Release|Win32 = Release|Win32
	EndGlobalSection
	GlobalSection(ProjectConfigurationPlatforms) = postSolution
		{16BACFBE-71F0-1708-D037-24F25E3E1FBB}.Debug|Win32.ActiveCfg = Debug|Win32
		{16BACFBE-71F0-1708-D037-24F25E3E1FBB}.Debug|Win32.Build.0 = Debug|Win32
		{16BACFBE-71F0-1708-D037-24F25E3E1FBB}.Release|Win32.ActiveCfg = Release|Win32
		{16BACFBE-71F0-1708-D037-24F25E3E1FBB}.Release|Win32.Build.0 = Release|Win32
	EndGlobalSection
	GlobalSection(SolutionProperties) = preSolution
		HideSolutionNode = FALSE
	EndGlobalSection
EndGlobal
